// !$*UTF8*$!
{
	archiveVersion = 1;
	classes = {
	};
	objectVersion = 77;
	objects = {

/* Begin PBXBuildFile section */
		8A126C0C2F37CC1200DCE03F /* ScannerAppApp.swift in Sources */ = {isa = PBXBuildFile; fileRef = 8A126C0B2F37CC1200DCE03F /* ScannerAppApp.swift */; };
		8A126C0E2F37CC1200DCE03F /* ContentView.swift in Sources */ = {isa = PBXBuildFile; fileRef = 8A126C0D2F37CC1200DCE03F /* ContentView.swift */; };
		8A126C102F37CC1600DCE03F /* Assets.xcassets in Resources */ = {isa = PBXBuildFile; fileRef = 8A126C0F2F37CC1600DCE03F /* Assets.xcassets */; };
		8A126C122F37CC1600DCE03F /* Persistence.swift in Sources */ = {isa = PBXBuildFile; fileRef = 8A126C112F37CC1600DCE03F /* Persistence.swift */; };
		8A126C152F37CC1600DCE03F /* ScannerApp.xcdatamodeld in Sources */ = {isa = PBXBuildFile; fileRef = 8A126C132F37CC1600DCE03F /* ScannerApp.xcdatamodeld */; };
		8A96EC2A2F37E1A800FFE256 /* LibraryView.swift in Sources */ = {isa = PBXBuildFile; fileRef = 8A96EC292F37E1A800FFE256 /* LibraryView.swift */; };
		8A96EC2C2F37E1B700FFE256 /* ScanView.swift in Sources */ = {isa = PBXBuildFile; fileRef = 8A96EC2B2F37E1B700FFE256 /* ScanView.swift */; };
		8A96EC2E2F37E1CA00FFE256 /* ReviewView.swift in Sources */ = {isa = PBXBuildFile; fileRef = 8A96EC2D2F37E1CA00FFE256 /* ReviewView.swift */; };
		8A96EC302F37E1DA00FFE256 /* ViewerView.swift in Sources */ = {isa = PBXBuildFile; fileRef = 8A96EC2F2F37E1DA00FFE256 /* ViewerView.swift */; };
		8A96EC322F37E1E900FFE256 /* SettingsView.swift in Sources */ = {isa = PBXBuildFile; fileRef = 8A96EC312F37E1E900FFE256 /* SettingsView.swift */; };
		8A96EC342F37EAC500FFE256 /* Theme.swift in Sources */ = {isa = PBXBuildFile; fileRef = 8A96EC332F37EAC500FFE256 /* Theme.swift */; };
		8A96EC432F3806D600FFE256 /* ScannerKit in Frameworks */ = {isa = PBXBuildFile; productRef = 8A96EC422F3806D600FFE256 /* ScannerKit */; };
		8A96EC462F38074A00FFE256 /* ScannedPage.swift in Sources */ = {isa = PBXBuildFile; fileRef = 8A96EC452F38074A00FFE256 /* ScannedPage.swift */; };
		8A96EC492F38095100FFE256 /* DocumentCamera.swift in Sources */ = {isa = PBXBuildFile; fileRef = 8A96EC482F38095100FFE256 /* DocumentCamera.swift */; };
		8A96EC4B2F38096200FFE256 /* DocumentCameraCoordinator.swift in Sources */ = {isa = PBXBuildFile; fileRef = 8A96EC4A2F38096200FFE256 /* DocumentCameraCoordinator.swift */; };
		8A96EC662F3D776800FFE256 /* Debug.swift in Sources */ = {isa = PBXBuildFile; fileRef = 8A96EC652F3D776800FFE256 /* Debug.swift */; };
		8A96EC692F3D77D400FFE256 /* ScannerKit in Frameworks */ = {isa = PBXBuildFile; productRef = 8A96EC682F3D77D400FFE256 /* ScannerKit */; };
/* End PBXBuildFile section */

/* Begin PBXFileReference section */
		8A126C082F37CC1200DCE03F /* ScannerApp.app */ = {isa = PBXFileReference; explicitFileType = wrapper.application; includeInIndex = 0; path = ScannerApp.app; sourceTree = BUILT_PRODUCTS_DIR; };
		8A126C0B2F37CC1200DCE03F /* ScannerAppApp.swift */ = {isa = PBXFileReference; lastKnownFileType = sourcecode.swift; path = ScannerAppApp.swift; sourceTree = "<group>"; };
		8A126C0D2F37CC1200DCE03F /* ContentView.swift */ = {isa = PBXFileReference; lastKnownFileType = sourcecode.swift; path = ContentView.swift; sourceTree = "<group>"; };
		8A126C0F2F37CC1600DCE03F /* Assets.xcassets */ = {isa = PBXFileReference; lastKnownFileType = folder.assetcatalog; path = Assets.xcassets; sourceTree = "<group>"; };
		8A126C112F37CC1600DCE03F /* Persistence.swift */ = {isa = PBXFileReference; lastKnownFileType = sourcecode.swift; path = Persistence.swift; sourceTree = "<group>"; };
		8A126C142F37CC1600DCE03F /* ScannerApp.xcdatamodel */ = {isa = PBXFileReference; lastKnownFileType = wrapper.xcdatamodel; path = ScannerApp.xcdatamodel; sourceTree = "<group>"; };
		8A126C162F37CC1600DCE03F /* ScannerApp.entitlements */ = {isa = PBXFileReference; lastKnownFileType = text.plist.entitlements; path = ScannerApp.entitlements; sourceTree = "<group>"; };
		8A126C172F37CC1600DCE03F /* Info.plist */ = {isa = PBXFileReference; lastKnownFileType = text.plist.xml; path = Info.plist; sourceTree = "<group>"; };
		8A784DC92F3E9EF600D6282C /* ScannerPaths.swift */ = {isa = PBXFileReference; lastKnownFileType = sourcecode.swift; path = ScannerPaths.swift; sourceTree = "<group>"; };
		8A784DCA2F3E9F9800D6282C /* ScannerDocumentPaths.swift */ = {isa = PBXFileReference; lastKnownFileType = sourcecode.swift; path = ScannerDocumentPaths.swift; sourceTree = "<group>"; };
		8A784DCB2F3EA1FB00D6282C /* ScannerDraftPersistence.swift */ = {isa = PBXFileReference; lastKnownFileType = sourcecode.swift; path = ScannerDraftPersistence.swift; sourceTree = "<group>"; };
		8A784DCC2F3EABDE00D6282C /* ScannerDocumentMetadata.swift */ = {isa = PBXFileReference; lastKnownFileType = sourcecode.swift; path = ScannerDocumentMetadata.swift; sourceTree = "<group>"; };
		8A784DCD2F3EAD2500D6282C /* ScannerDocumentStore.swift */ = {isa = PBXFileReference; lastKnownFileType = sourcecode.swift; path = ScannerDocumentStore.swift; sourceTree = "<group>"; };
		8A784DCE2F3EBD3000D6282C /* ScannerDocumentLoader.swift */ = {isa = PBXFileReference; lastKnownFileType = sourcecode.swift; path = ScannerDocumentLoader.swift; sourceTree = "<group>"; };
		8A96EC292F37E1A800FFE256 /* LibraryView.swift */ = {isa = PBXFileReference; lastKnownFileType = sourcecode.swift; path = LibraryView.swift; sourceTree = "<group>"; };
		8A96EC2B2F37E1B700FFE256 /* ScanView.swift */ = {isa = PBXFileReference; lastKnownFileType = sourcecode.swift; path = ScanView.swift; sourceTree = "<group>"; };
		8A96EC2D2F37E1CA00FFE256 /* ReviewView.swift */ = {isa = PBXFileReference; lastKnownFileType = sourcecode.swift; path = ReviewView.swift; sourceTree = "<group>"; };
		8A96EC2F2F37E1DA00FFE256 /* ViewerView.swift */ = {isa = PBXFileReference; lastKnownFileType = sourcecode.swift; path = ViewerView.swift; sourceTree = "<group>"; };
		8A96EC312F37E1E900FFE256 /* SettingsView.swift */ = {isa = PBXFileReference; lastKnownFileType = sourcecode.swift; path = SettingsView.swift; sourceTree = "<group>"; };
		8A96EC332F37EAC500FFE256 /* Theme.swift */ = {isa = PBXFileReference; lastKnownFileType = sourcecode.swift; path = Theme.swift; sourceTree = "<group>"; };
		8A96EC382F38053300FFE256 /* ScannerKit.swift */ = {isa = PBXFileReference; lastKnownFileType = sourcecode.swift; path = ScannerKit.swift; sourceTree = "<group>"; };
		8A96EC3B2F38053300FFE256 /* ScannerKitTests.swift */ = {isa = PBXFileReference; lastKnownFileType = sourcecode.swift; path = ScannerKitTests.swift; sourceTree = "<group>"; };
		8A96EC3E2F38053300FFE256 /* .gitignore */ = {isa = PBXFileReference; lastKnownFileType = text; path = .gitignore; sourceTree = "<group>"; };
		8A96EC3F2F38053300FFE256 /* Package.swift */ = {isa = PBXFileReference; lastKnownFileType = sourcecode.swift; path = Package.swift; sourceTree = "<group>"; };
		8A96EC452F38074A00FFE256 /* ScannedPage.swift */ = {isa = PBXFileReference; lastKnownFileType = sourcecode.swift; path = ScannedPage.swift; sourceTree = "<group>"; };
		8A96EC482F38095100FFE256 /* DocumentCamera.swift */ = {isa = PBXFileReference; lastKnownFileType = sourcecode.swift; path = DocumentCamera.swift; sourceTree = "<group>"; };
		8A96EC4A2F38096200FFE256 /* DocumentCameraCoordinator.swift */ = {isa = PBXFileReference; lastKnownFileType = sourcecode.swift; path = DocumentCameraCoordinator.swift; sourceTree = "<group>"; };
		8A96EC652F3D776800FFE256 /* Debug.swift */ = {isa = PBXFileReference; lastKnownFileType = sourcecode.swift; path = Debug.swift; sourceTree = "<group>"; };
		8AF1377E2F43B667009D4BED /* ScannerOCRService.swift */ = {isa = PBXFileReference; lastKnownFileType = sourcecode.swift; path = ScannerOCRService.swift; sourceTree = "<group>"; };
/* End PBXFileReference section */

/* Begin PBXFileSystemSynchronizedRootGroup section */
		8A126C0A2F37CC1200DCE03F /* ScannerApp */ = {
			isa = PBXFileSystemSynchronizedRootGroup;
			path = ScannerApp;
			sourceTree = "<group>";
		};
/* End PBXFileSystemSynchronizedRootGroup section */

/* Begin PBXFrameworksBuildPhase section */
		8A126C052F37CC1200DCE03F /* Frameworks */ = {
			isa = PBXFrameworksBuildPhase;
			buildActionMask = 2147483647;
			files = (
				8A96EC692F3D77D400FFE256 /* ScannerKit in Frameworks */,
				8A96EC432F3806D600FFE256 /* ScannerKit in Frameworks */,
			);
			runOnlyForDeploymentPostprocessing = 0;
		};
/* End PBXFrameworksBuildPhase section */

/* Begin PBXGroup section */
		8A126BFF2F37CC1200DCE03F = {
			isa = PBXGroup;
			children = (
				8A126C1E2F37D1D100DCE03F /* App */,
				8A126C232F37D20700DCE03F /* UI */,
				8A126C222F37D1FD00DCE03F /* Core */,
				8A126C212F37D1F100DCE03F /* Resources */,
				8A126C202F37D1EA00DCE03F /* Data */,
				8A126C1F2F37D1E100DCE03F /* Packages */,
				8A126C0A2F37CC1200DCE03F /* ScannerApp */,
				8A96EC5F2F3AD5FD00FFE256 /* Frameworks */,
				8A126C092F37CC1200DCE03F /* Products */,
			);
			sourceTree = "<group>";
		};
		8A126C092F37CC1200DCE03F /* Products */ = {
			isa = PBXGroup;
			children = (
				8A126C082F37CC1200DCE03F /* ScannerApp.app */,
			);
			name = Products;
			sourceTree = "<group>";
		};
		8A126C1E2F37D1D100DCE03F /* App */ = {
			isa = PBXGroup;
			children = (
				8A126C0B2F37CC1200DCE03F /* ScannerAppApp.swift */,
				8A126C172F37CC1600DCE03F /* Info.plist */,
				8A126C162F37CC1600DCE03F /* ScannerApp.entitlements */,
			);
			path = App;
			sourceTree = "<group>";
		};
		8A126C1F2F37D1E100DCE03F /* Packages */ = {
			isa = PBXGroup;
			children = (
				8A96EC402F38053300FFE256 /* ScannerKit */,
			);
			path = Packages;
			sourceTree = "<group>";
		};
		8A126C202F37D1EA00DCE03F /* Data */ = {
			isa = PBXGroup;
			children = (
				8A126C132F37CC1600DCE03F /* ScannerApp.xcdatamodeld */,
			);
			path = Data;
			sourceTree = "<group>";
		};
		8A126C212F37D1F100DCE03F /* Resources */ = {
			isa = PBXGroup;
			children = (
				8A126C0F2F37CC1600DCE03F /* Assets.xcassets */,
			);
			path = Resources;
			sourceTree = "<group>";
		};
		8A126C222F37D1FD00DCE03F /* Core */ = {
			isa = PBXGroup;
			children = (
				8A126C262F37D23500DCE03F /* Models */,
				8A126C252F37D22C00DCE03F /* Services */,
				8A126C242F37D21E00DCE03F /* Persistence */,
			);
			path = Core;
			sourceTree = "<group>";
		};
		8A126C232F37D20700DCE03F /* UI */ = {
			isa = PBXGroup;
			children = (
				8A96EC642F3D774D00FFE256 /* Utilities */,
				8A126C292F37D25A00DCE03F /* Screens */,
				8A126C282F37D24F00DCE03F /* Components */,
				8A126C272F37D24700DCE03F /* Styles */,
			);
			path = UI;
			sourceTree = "<group>";
		};
		8A126C242F37D21E00DCE03F /* Persistence */ = {
			isa = PBXGroup;
			children = (
				8A126C112F37CC1600DCE03F /* Persistence.swift */,
			);
			path = Persistence;
			sourceTree = "<group>";
		};
		8A126C252F37D22C00DCE03F /* Services */ = {
			isa = PBXGroup;
			children = (
			);
			path = Services;
			sourceTree = "<group>";
		};
		8A126C262F37D23500DCE03F /* Models */ = {
			isa = PBXGroup;
			children = (
			);
			path = Models;
			sourceTree = "<group>";
		};
		8A126C272F37D24700DCE03F /* Styles */ = {
			isa = PBXGroup;
			children = (
				8A96EC332F37EAC500FFE256 /* Theme.swift */,
			);
			path = Styles;
			sourceTree = "<group>";
		};
		8A126C282F37D24F00DCE03F /* Components */ = {
			isa = PBXGroup;
			children = (
			);
			path = Components;
			sourceTree = "<group>";
		};
		8A126C292F37D25A00DCE03F /* Screens */ = {
			isa = PBXGroup;
			children = (
				8A126C0D2F37CC1200DCE03F /* ContentView.swift */,
				8A96EC292F37E1A800FFE256 /* LibraryView.swift */,
				8A96EC2B2F37E1B700FFE256 /* ScanView.swift */,
				8A96EC2D2F37E1CA00FFE256 /* ReviewView.swift */,
				8A96EC2F2F37E1DA00FFE256 /* ViewerView.swift */,
				8A96EC312F37E1E900FFE256 /* SettingsView.swift */,
			);
			path = Screens;
			sourceTree = "<group>";
		};
		8A96EC392F38053300FFE256 /* ScannerKit */ = {
			isa = PBXGroup;
			children = (
				8A96EC382F38053300FFE256 /* ScannerKit.swift */,
				8A784DC92F3E9EF600D6282C /* ScannerPaths.swift */,
				8A784DCA2F3E9F9800D6282C /* ScannerDocumentPaths.swift */,
				8A784DCB2F3EA1FB00D6282C /* ScannerDraftPersistence.swift */,
				8A784DCC2F3EABDE00D6282C /* ScannerDocumentMetadata.swift */,
				8A784DCD2F3EAD2500D6282C /* ScannerDocumentStore.swift */,
				8A784DCE2F3EBD3000D6282C /* ScannerDocumentLoader.swift */,
				8AF1377E2F43B667009D4BED /* ScannerOCRService.swift */,
			);
			path = ScannerKit;
			sourceTree = "<group>";
		};
		8A96EC3A2F38053300FFE256 /* Sources */ = {
			isa = PBXGroup;
			children = (
				8A96EC472F38093300FFE256 /* Capture */,
				8A96EC442F38073700FFE256 /* Models */,
				8A96EC392F38053300FFE256 /* ScannerKit */,
			);
			path = Sources;
			sourceTree = "<group>";
		};
		8A96EC3C2F38053300FFE256 /* ScannerKitTests */ = {
			isa = PBXGroup;
			children = (
				8A96EC3B2F38053300FFE256 /* ScannerKitTests.swift */,
			);
			path = ScannerKitTests;
			sourceTree = "<group>";
		};
		8A96EC3D2F38053300FFE256 /* Tests */ = {
			isa = PBXGroup;
			children = (
				8A96EC3C2F38053300FFE256 /* ScannerKitTests */,
			);
			path = Tests;
			sourceTree = "<group>";
		};
		8A96EC402F38053300FFE256 /* ScannerKit */ = {
			isa = PBXGroup;
			children = (
				8A96EC3A2F38053300FFE256 /* Sources */,
				8A96EC3D2F38053300FFE256 /* Tests */,
				8A96EC3E2F38053300FFE256 /* .gitignore */,
				8A96EC3F2F38053300FFE256 /* Package.swift */,
			);
			path = ScannerKit;
			sourceTree = "<group>";
		};
		8A96EC442F38073700FFE256 /* Models */ = {
			isa = PBXGroup;
			children = (
				8A96EC452F38074A00FFE256 /* ScannedPage.swift */,
			);
			path = Models;
			sourceTree = "<group>";
		};
		8A96EC472F38093300FFE256 /* Capture */ = {
			isa = PBXGroup;
			children = (
				8A96EC4A2F38096200FFE256 /* DocumentCameraCoordinator.swift */,
				8A96EC482F38095100FFE256 /* DocumentCamera.swift */,
			);
			path = Capture;
			sourceTree = "<group>";
		};
		8A96EC5F2F3AD5FD00FFE256 /* Frameworks */ = {
			isa = PBXGroup;
			children = (
			);
			name = Frameworks;
			sourceTree = "<group>";
		};
		8A96EC642F3D774D00FFE256 /* Utilities */ = {
			isa = PBXGroup;
			children = (
				8A96EC652F3D776800FFE256 /* Debug.swift */,
			);
			path = Utilities;
			sourceTree = "<group>";
		};
/* End PBXGroup section */

/* Begin PBXNativeTarget section */
		8A126C072F37CC1200DCE03F /* ScannerApp */ = {
			isa = PBXNativeTarget;
			buildConfigurationList = 8A126C192F37CC1600DCE03F /* Build configuration list for PBXNativeTarget "ScannerApp" */;
			buildPhases = (
				8A126C042F37CC1200DCE03F /* Sources */,
				8A126C052F37CC1200DCE03F /* Frameworks */,
				8A126C062F37CC1200DCE03F /* Resources */,
			);
			buildRules = (
			);
			dependencies = (
			);
			fileSystemSynchronizedGroups = (
				8A126C0A2F37CC1200DCE03F /* ScannerApp */,
			);
			name = ScannerApp;
			packageProductDependencies = (
				8A96EC422F3806D600FFE256 /* ScannerKit */,
				8A96EC682F3D77D400FFE256 /* ScannerKit */,
			);
			productName = ScannerApp;
			productReference = 8A126C082F37CC1200DCE03F /* ScannerApp.app */;
			productType = "com.apple.product-type.application";
		};
/* End PBXNativeTarget section */

/* Begin PBXProject section */
		8A126C002F37CC1200DCE03F /* Project object */ = {
			isa = PBXProject;
			attributes = {
				BuildIndependentTargetsInParallel = 1;
				LastSwiftUpdateCheck = 2620;
				LastUpgradeCheck = 2620;
				TargetAttributes = {
					8A126C072F37CC1200DCE03F = {
						CreatedOnToolsVersion = 26.2;
					};
				};
			};
			buildConfigurationList = 8A126C032F37CC1200DCE03F /* Build configuration list for PBXProject "ScannerApp" */;
			developmentRegion = en;
			hasScannedForEncodings = 0;
			knownRegions = (
				en,
				Base,
			);
			mainGroup = 8A126BFF2F37CC1200DCE03F;
			minimizedProjectReferenceProxies = 1;
			packageReferences = (
				8A96EC672F3D77D400FFE256 /* XCLocalSwiftPackageReference "Packages/ScannerKit" */,
			);
			preferredProjectObjectVersion = 77;
			productRefGroup = 8A126C092F37CC1200DCE03F /* Products */;
			projectDirPath = "";
			projectRoot = "";
			targets = (
				8A126C072F37CC1200DCE03F /* ScannerApp */,
			);
		};
/* End PBXProject section */

/* Begin PBXResourcesBuildPhase section */
		8A126C062F37CC1200DCE03F /* Resources */ = {
			isa = PBXResourcesBuildPhase;
			buildActionMask = 2147483647;
			files = (
				8A126C102F37CC1600DCE03F /* Assets.xcassets in Resources */,
			);
			runOnlyForDeploymentPostprocessing = 0;
		};
/* End PBXResourcesBuildPhase section */

/* Begin PBXSourcesBuildPhase section */
		8A126C042F37CC1200DCE03F /* Sources */ = {
			isa = PBXSourcesBuildPhase;
			buildActionMask = 2147483647;
			files = (
				8A96EC302F37E1DA00FFE256 /* ViewerView.swift in Sources */,
				8A126C122F37CC1600DCE03F /* Persistence.swift in Sources */,
				8A126C0E2F37CC1200DCE03F /* ContentView.swift in Sources */,
				8A96EC322F37E1E900FFE256 /* SettingsView.swift in Sources */,
				8A96EC462F38074A00FFE256 /* ScannedPage.swift in Sources */,
				8A96EC662F3D776800FFE256 /* Debug.swift in Sources */,
				8A126C152F37CC1600DCE03F /* ScannerApp.xcdatamodeld in Sources */,
				8A96EC2A2F37E1A800FFE256 /* LibraryView.swift in Sources */,
				8A126C0C2F37CC1200DCE03F /* ScannerAppApp.swift in Sources */,
				8A96EC342F37EAC500FFE256 /* Theme.swift in Sources */,
				8A96EC2C2F37E1B700FFE256 /* ScanView.swift in Sources */,
				8A96EC2E2F37E1CA00FFE256 /* ReviewView.swift in Sources */,
				8A96EC4B2F38096200FFE256 /* DocumentCameraCoordinator.swift in Sources */,
				8A96EC492F38095100FFE256 /* DocumentCamera.swift in Sources */,
			);
			runOnlyForDeploymentPostprocessing = 0;
		};
/* End PBXSourcesBuildPhase section */

/* Begin XCBuildConfiguration section */
		8A126C1A2F37CC1600DCE03F /* Debug */ = {
			isa = XCBuildConfiguration;
			buildSettings = {
				ASSETCATALOG_COMPILER_APPICON_NAME = AppIcon;
				ASSETCATALOG_COMPILER_GLOBAL_ACCENT_COLOR_NAME = AccentColor;
				CODE_SIGN_ENTITLEMENTS = App/ScannerApp.entitlements;
				CODE_SIGN_STYLE = Automatic;
				CURRENT_PROJECT_VERSION = 1;
				DEVELOPMENT_TEAM = YVYV2ACPL4;
				ENABLE_PREVIEWS = YES;
				GENERATE_INFOPLIST_FILE = YES;
				INFOPLIST_FILE = App/Info.plist;
				INFOPLIST_KEY_CFBundleDisplayName = "Scanner Amigo";
				INFOPLIST_KEY_UIApplicationSceneManifest_Generation = YES;
				INFOPLIST_KEY_UIApplicationSupportsIndirectInputEvents = YES;
				INFOPLIST_KEY_UILaunchScreen_Generation = YES;
				INFOPLIST_KEY_UISupportedInterfaceOrientations_iPad = "UIInterfaceOrientationPortrait UIInterfaceOrientationPortraitUpsideDown UIInterfaceOrientationLandscapeLeft UIInterfaceOrientationLandscapeRight";
				INFOPLIST_KEY_UISupportedInterfaceOrientations_iPhone = "UIInterfaceOrientationPortrait UIInterfaceOrientationLandscapeLeft UIInterfaceOrientationLandscapeRight";
				LD_RUNPATH_SEARCH_PATHS = (
					"$(inherited)",
					"@executable_path/Frameworks",
				);
				MARKETING_VERSION = 1.0;
				PRODUCT_BUNDLE_IDENTIFIER = DavidMWilcox.ScannerApp;
				PRODUCT_NAME = "$(TARGET_NAME)";
				STRING_CATALOG_GENERATE_SYMBOLS = YES;
				SWIFT_APPROACHABLE_CONCURRENCY = YES;
				SWIFT_DEFAULT_ACTOR_ISOLATION = MainActor;
				SWIFT_EMIT_LOC_STRINGS = YES;
				SWIFT_UPCOMING_FEATURE_MEMBER_IMPORT_VISIBILITY = YES;
				SWIFT_VERSION = 5.0;
				TARGETED_DEVICE_FAMILY = "1,2";
			};
			name = Debug;
		};
		8A126C1B2F37CC1600DCE03F /* Release */ = {
			isa = XCBuildConfiguration;
			buildSettings = {
				ASSETCATALOG_COMPILER_APPICON_NAME = AppIcon;
				ASSETCATALOG_COMPILER_GLOBAL_ACCENT_COLOR_NAME = AccentColor;
				CODE_SIGN_ENTITLEMENTS = App/ScannerApp.entitlements;
				CODE_SIGN_STYLE = Automatic;
				CURRENT_PROJECT_VERSION = 1;
				DEVELOPMENT_TEAM = YVYV2ACPL4;
				ENABLE_PREVIEWS = YES;
				GENERATE_INFOPLIST_FILE = YES;
				INFOPLIST_FILE = App/Info.plist;
				INFOPLIST_KEY_CFBundleDisplayName = "Scanner Amigo";
				INFOPLIST_KEY_UIApplicationSceneManifest_Generation = YES;
				INFOPLIST_KEY_UIApplicationSupportsIndirectInputEvents = YES;
				INFOPLIST_KEY_UILaunchScreen_Generation = YES;
				INFOPLIST_KEY_UISupportedInterfaceOrientations_iPad = "UIInterfaceOrientationPortrait UIInterfaceOrientationPortraitUpsideDown UIInterfaceOrientationLandscapeLeft UIInterfaceOrientationLandscapeRight";
				INFOPLIST_KEY_UISupportedInterfaceOrientations_iPhone = "UIInterfaceOrientationPortrait UIInterfaceOrientationLandscapeLeft UIInterfaceOrientationLandscapeRight";
				LD_RUNPATH_SEARCH_PATHS = (
					"$(inherited)",
					"@executable_path/Frameworks",
				);
				MARKETING_VERSION = 1.0;
				PRODUCT_BUNDLE_IDENTIFIER = DavidMWilcox.ScannerApp;
				PRODUCT_NAME = "$(TARGET_NAME)";
				STRING_CATALOG_GENERATE_SYMBOLS = YES;
				SWIFT_APPROACHABLE_CONCURRENCY = YES;
				SWIFT_DEFAULT_ACTOR_ISOLATION = MainActor;
				SWIFT_EMIT_LOC_STRINGS = YES;
				SWIFT_UPCOMING_FEATURE_MEMBER_IMPORT_VISIBILITY = YES;
				SWIFT_VERSION = 5.0;
				TARGETED_DEVICE_FAMILY = "1,2";
			};
			name = Release;
		};
		8A126C1C2F37CC1600DCE03F /* Debug */ = {
			isa = XCBuildConfiguration;
			buildSettings = {
				ALWAYS_SEARCH_USER_PATHS = NO;
				ASSETCATALOG_COMPILER_GENERATE_SWIFT_ASSET_SYMBOL_EXTENSIONS = YES;
				CLANG_ANALYZER_NONNULL = YES;
				CLANG_ANALYZER_NUMBER_OBJECT_CONVERSION = YES_AGGRESSIVE;
				CLANG_CXX_LANGUAGE_STANDARD = "gnu++20";
				CLANG_ENABLE_MODULES = YES;
				CLANG_ENABLE_OBJC_ARC = YES;
				CLANG_ENABLE_OBJC_WEAK = YES;
				CLANG_WARN_BLOCK_CAPTURE_AUTORELEASING = YES;
				CLANG_WARN_BOOL_CONVERSION = YES;
				CLANG_WARN_COMMA = YES;
				CLANG_WARN_CONSTANT_CONVERSION = YES;
				CLANG_WARN_DEPRECATED_OBJC_IMPLEMENTATIONS = YES;
				CLANG_WARN_DIRECT_OBJC_ISA_USAGE = YES_ERROR;
				CLANG_WARN_DOCUMENTATION_COMMENTS = YES;
				CLANG_WARN_EMPTY_BODY = YES;
				CLANG_WARN_ENUM_CONVERSION = YES;
				CLANG_WARN_INFINITE_RECURSION = YES;
				CLANG_WARN_INT_CONVERSION = YES;
				CLANG_WARN_NON_LITERAL_NULL_CONVERSION = YES;
				CLANG_WARN_OBJC_IMPLICIT_RETAIN_SELF = YES;
				CLANG_WARN_OBJC_LITERAL_CONVERSION = YES;
				CLANG_WARN_OBJC_ROOT_CLASS = YES_ERROR;
				CLANG_WARN_QUOTED_INCLUDE_IN_FRAMEWORK_HEADER = YES;
				CLANG_WARN_RANGE_LOOP_ANALYSIS = YES;
				CLANG_WARN_STRICT_PROTOTYPES = YES;
				CLANG_WARN_SUSPICIOUS_MOVE = YES;
				CLANG_WARN_UNGUARDED_AVAILABILITY = YES_AGGRESSIVE;
				CLANG_WARN_UNREACHABLE_CODE = YES;
				CLANG_WARN__DUPLICATE_METHOD_MATCH = YES;
				COPY_PHASE_STRIP = NO;
				DEBUG_INFORMATION_FORMAT = dwarf;
				DEVELOPMENT_TEAM = YVYV2ACPL4;
				ENABLE_STRICT_OBJC_MSGSEND = YES;
				ENABLE_TESTABILITY = YES;
				ENABLE_USER_SCRIPT_SANDBOXING = YES;
				GCC_C_LANGUAGE_STANDARD = gnu17;
				GCC_DYNAMIC_NO_PIC = NO;
				GCC_NO_COMMON_BLOCKS = YES;
				GCC_OPTIMIZATION_LEVEL = 0;
				GCC_PREPROCESSOR_DEFINITIONS = (
					"DEBUG=1",
					"$(inherited)",
				);
				GCC_WARN_64_TO_32_BIT_CONVERSION = YES;
				GCC_WARN_ABOUT_RETURN_TYPE = YES_ERROR;
				GCC_WARN_UNDECLARED_SELECTOR = YES;
				GCC_WARN_UNINITIALIZED_AUTOS = YES_AGGRESSIVE;
				GCC_WARN_UNUSED_FUNCTION = YES;
				GCC_WARN_UNUSED_VARIABLE = YES;
				IPHONEOS_DEPLOYMENT_TARGET = 26.2;
				LOCALIZATION_PREFERS_STRING_CATALOGS = YES;
				MTL_ENABLE_DEBUG_INFO = INCLUDE_SOURCE;
				MTL_FAST_MATH = YES;
				ONLY_ACTIVE_ARCH = YES;
				SDKROOT = iphoneos;
				SWIFT_ACTIVE_COMPILATION_CONDITIONS = "DEBUG $(inherited)";
				SWIFT_OPTIMIZATION_LEVEL = "-Onone";
			};
			name = Debug;
		};
		8A126C1D2F37CC1600DCE03F /* Release */ = {
			isa = XCBuildConfiguration;
			buildSettings = {
				ALWAYS_SEARCH_USER_PATHS = NO;
				ASSETCATALOG_COMPILER_GENERATE_SWIFT_ASSET_SYMBOL_EXTENSIONS = YES;
				CLANG_ANALYZER_NONNULL = YES;
				CLANG_ANALYZER_NUMBER_OBJECT_CONVERSION = YES_AGGRESSIVE;
				CLANG_CXX_LANGUAGE_STANDARD = "gnu++20";
				CLANG_ENABLE_MODULES = YES;
				CLANG_ENABLE_OBJC_ARC = YES;
				CLANG_ENABLE_OBJC_WEAK = YES;
				CLANG_WARN_BLOCK_CAPTURE_AUTORELEASING = YES;
				CLANG_WARN_BOOL_CONVERSION = YES;
				CLANG_WARN_COMMA = YES;
				CLANG_WARN_CONSTANT_CONVERSION = YES;
				CLANG_WARN_DEPRECATED_OBJC_IMPLEMENTATIONS = YES;
				CLANG_WARN_DIRECT_OBJC_ISA_USAGE = YES_ERROR;
				CLANG_WARN_DOCUMENTATION_COMMENTS = YES;
				CLANG_WARN_EMPTY_BODY = YES;
				CLANG_WARN_ENUM_CONVERSION = YES;
				CLANG_WARN_INFINITE_RECURSION = YES;
				CLANG_WARN_INT_CONVERSION = YES;
				CLANG_WARN_NON_LITERAL_NULL_CONVERSION = YES;
				CLANG_WARN_OBJC_IMPLICIT_RETAIN_SELF = YES;
				CLANG_WARN_OBJC_LITERAL_CONVERSION = YES;
				CLANG_WARN_OBJC_ROOT_CLASS = YES_ERROR;
				CLANG_WARN_QUOTED_INCLUDE_IN_FRAMEWORK_HEADER = YES;
				CLANG_WARN_RANGE_LOOP_ANALYSIS = YES;
				CLANG_WARN_STRICT_PROTOTYPES = YES;
				CLANG_WARN_SUSPICIOUS_MOVE = YES;
				CLANG_WARN_UNGUARDED_AVAILABILITY = YES_AGGRESSIVE;
				CLANG_WARN_UNREACHABLE_CODE = YES;
				CLANG_WARN__DUPLICATE_METHOD_MATCH = YES;
				COPY_PHASE_STRIP = NO;
				DEBUG_INFORMATION_FORMAT = "dwarf-with-dsym";
				DEVELOPMENT_TEAM = YVYV2ACPL4;
				ENABLE_NS_ASSERTIONS = NO;
				ENABLE_STRICT_OBJC_MSGSEND = YES;
				ENABLE_USER_SCRIPT_SANDBOXING = YES;
				GCC_C_LANGUAGE_STANDARD = gnu17;
				GCC_NO_COMMON_BLOCKS = YES;
				GCC_WARN_64_TO_32_BIT_CONVERSION = YES;
				GCC_WARN_ABOUT_RETURN_TYPE = YES_ERROR;
				GCC_WARN_UNDECLARED_SELECTOR = YES;
				GCC_WARN_UNINITIALIZED_AUTOS = YES_AGGRESSIVE;
				GCC_WARN_UNUSED_FUNCTION = YES;
				GCC_WARN_UNUSED_VARIABLE = YES;
				IPHONEOS_DEPLOYMENT_TARGET = 26.2;
				LOCALIZATION_PREFERS_STRING_CATALOGS = YES;
				MTL_ENABLE_DEBUG_INFO = NO;
				MTL_FAST_MATH = YES;
				SDKROOT = iphoneos;
				SWIFT_COMPILATION_MODE = wholemodule;
				VALIDATE_PRODUCT = YES;
			};
			name = Release;
		};
/* End XCBuildConfiguration section */

/* Begin XCConfigurationList section */
		8A126C032F37CC1200DCE03F /* Build configuration list for PBXProject "ScannerApp" */ = {
			isa = XCConfigurationList;
			buildConfigurations = (
				8A126C1C2F37CC1600DCE03F /* Debug */,
				8A126C1D2F37CC1600DCE03F /* Release */,
			);
			defaultConfigurationIsVisible = 0;
			defaultConfigurationName = Release;
		};
		8A126C192F37CC1600DCE03F /* Build configuration list for PBXNativeTarget "ScannerApp" */ = {
			isa = XCConfigurationList;
			buildConfigurations = (
				8A126C1A2F37CC1600DCE03F /* Debug */,
				8A126C1B2F37CC1600DCE03F /* Release */,
			);
			defaultConfigurationIsVisible = 0;
			defaultConfigurationName = Release;
		};
/* End XCConfigurationList section */

/* Begin XCLocalSwiftPackageReference section */
		8A96EC672F3D77D400FFE256 /* XCLocalSwiftPackageReference "Packages/ScannerKit" */ = {
			isa = XCLocalSwiftPackageReference;
			relativePath = Packages/ScannerKit;
		};
/* End XCLocalSwiftPackageReference section */

/* Begin XCSwiftPackageProductDependency section */
		8A96EC422F3806D600FFE256 /* ScannerKit */ = {
			isa = XCSwiftPackageProductDependency;
			productName = ScannerKit;
		};
		8A96EC682F3D77D400FFE256 /* ScannerKit */ = {
			isa = XCSwiftPackageProductDependency;
			productName = ScannerKit;
		};
/* End XCSwiftPackageProductDependency section */

/* Begin XCVersionGroup section */
		8A126C132F37CC1600DCE03F /* ScannerApp.xcdatamodeld */ = {
			isa = XCVersionGroup;
			children = (
				8A126C142F37CC1600DCE03F /* ScannerApp.xcdatamodel */,
			);
			currentVersion = 8A126C142F37CC1600DCE03F /* ScannerApp.xcdatamodel */;
			path = ScannerApp.xcdatamodeld;
			sourceTree = "<group>";
			versionGroupType = wrapper.xcdatamodel;
		};
/* End XCVersionGroup section */
	};
	rootObject = 8A126C002F37CC1200DCE03F /* Project object */;
}
